<?xml version="1.0" encoding="utf-8"?>
<Project ToolsVersion="4.0" xmlns="http://schemas.microsoft.com/developer/msbuild/2003">
  <ItemGroup>
    <Filter Include="源文件">
      <UniqueIdentifier>{4FC737F1-C7A5-4376-A066-2A32D752A2FF}</UniqueIdentifier>
      <Extensions>cpp;c;cc;cxx;def;odl;idl;hpj;bat;asm;asmx</Extensions>
    </Filter>
    <Filter Include="头文件">
      <UniqueIdentifier>{93995380-89BD-4b04-88EB-625FBE52EBFB}</UniqueIdentifier>
      <Extensions>h;hh;hpp;hxx;hm;inl;inc;ipp;xsd</Extensions>
    </Filter>
    <Filter Include="资源文件">
      <UniqueIdentifier>{67DA6AB6-F800-4c08-8B7A-83BB121AAD01}</UniqueIdentifier>
      <Extensions>rc;ico;cur;bmp;dlg;rc2;rct;bin;rgs;gif;jpg;jpeg;jpe;resx;tiff;tif;png;wav;mfcribbon-ms</Extensions>
    </Filter>
  </ItemGroup>
  <ItemGroup>
    <ClInclude Include="1-TwoSum.h">
      <Filter>头文件</Filter>
    </ClInclude>
    <ClInclude Include="104-MaxDepthOfBinaryTree.h">
      <Filter>头文件</Filter>
    </ClInclude>
    <ClInclude Include="136-SingleNumber.h">
      <Filter>头文件</Filter>
    </ClInclude>
    <ClInclude Include="226-InvertBinaryTree.h">
      <Filter>头文件</Filter>
    </ClInclude>
    <ClInclude Include="BinaryTree.h">
      <Filter>头文件</Filter>
    </ClInclude>
    <ClInclude Include="206-ReverseLinkedList.h">
      <Filter>头文件</Filter>
    </ClInclude>
    <ClInclude Include="283-MoveZeroes.h">
      <Filter>头文件</Filter>
    </ClInclude>
    <ClInclude Include="437-PathSum3.h">
      <Filter>头文件</Filter>
    </ClInclude>
    <ClInclude Include="51-NQueens.h">
      <Filter>头文件</Filter>
    </ClInclude>
    <ClInclude Include="309-BestTimeBuySellStockCooldown.h">
      <Filter>头文件</Filter>
    </ClInclude>
    <ClInclude Include="123-BestTimeBuySellStock-III.h">
      <Filter>头文件</Filter>
    </ClInclude>
    <ClInclude Include="4-MedianOfTwoSortedArrays.h">
      <Filter>头文件</Filter>
    </ClInclude>
    <ClInclude Include="11-ContainWithMostWater.h">
      <Filter>头文件</Filter>
    </ClInclude>
    <ClInclude Include="5-LongestPalindromicSubstring.h">
      <Filter>头文件</Filter>
    </ClInclude>
    <ClInclude Include="17-LetterCombinationsUsingPhoneNumber.h">
      <Filter>头文件</Filter>
    </ClInclude>
    <ClInclude Include="20-ValidParentheses.h">
      <Filter>头文件</Filter>
    </ClInclude>
    <ClInclude Include="List.h">
      <Filter>头文件</Filter>
    </ClInclude>
    <ClInclude Include="19-RemoveNthNodeFromListEnd.h">
      <Filter>头文件</Filter>
    </ClInclude>
    <ClInclude Include="160-IntersectionOfTwoLinkedLists.h">
      <Filter>头文件</Filter>
    </ClInclude>
    <ClInclude Include="155-MinStack.h">
      <Filter>头文件</Filter>
    </ClInclude>
    <ClInclude Include="200-NumberOfIslands.h">
      <Filter>头文件</Filter>
    </ClInclude>
    <ClInclude Include="22-GenerateParentheses.h">
      <Filter>头文件</Filter>
    </ClInclude>
    <ClInclude Include="33-SearchRotatedSortedArray.h">
      <Filter>头文件</Filter>
    </ClInclude>
    <ClInclude Include="15-3Sum.h">
      <Filter>头文件</Filter>
    </ClInclude>
    <ClInclude Include="39-CombinationSum.h">
      <Filter>头文件</Filter>
    </ClInclude>
    <ClInclude Include="34-FindFirstLastPositionOfElementInSortedArray.h">
      <Filter>头文件</Filter>
    </ClInclude>
    <ClInclude Include="46-Permutations.h">
      <Filter>头文件</Filter>
    </ClInclude>
    <ClInclude Include="48-RotateImage.h">
      <Filter>头文件</Filter>
    </ClInclude>
    <ClInclude Include="49-GroupAnagrams.h">
      <Filter>头文件</Filter>
    </ClInclude>
    <ClInclude Include="55-JumpGame.h">
      <Filter>头文件</Filter>
    </ClInclude>
    <ClInclude Include="62-UniquePaths.h">
      <Filter>头文件</Filter>
    </ClInclude>
    <ClInclude Include="64-MinimumPathSum.h">
      <Filter>头文件</Filter>
    </ClInclude>
    <ClInclude Include="75-SortColors.h">
      <Filter>头文件</Filter>
    </ClInclude>
    <ClInclude Include="78-Subsets.h">
      <Filter>头文件</Filter>
    </ClInclude>
    <ClInclude Include="37-SudokuSolver.h">
      <Filter>头文件</Filter>
    </ClInclude>
    <ClInclude Include="36-ValidSudoku.h">
      <Filter>头文件</Filter>
    </ClInclude>
    <ClInclude Include="63-UniquePaths-II.h">
      <Filter>头文件</Filter>
    </ClInclude>
    <ClInclude Include="79-WordSearch.h">
      <Filter>头文件</Filter>
    </ClInclude>
    <ClInclude Include="144-BinaryTreePreorderTraversal.h">
      <Filter>头文件</Filter>
    </ClInclude>
    <ClInclude Include="94-BinaryTreeInorderTraversal.h">
      <Filter>头文件</Filter>
    </ClInclude>
    <ClInclude Include="145-BinaryTreePostorderTraversal.h">
      <Filter>头文件</Filter>
    </ClInclude>
    <ClInclude Include="234-PalindromeLinkedList.h">
      <Filter>头文件</Filter>
    </ClInclude>
    <ClInclude Include="581-ShortestUnsortedContinuousSubarray.h">
      <Filter>头文件</Filter>
    </ClInclude>
    <ClInclude Include="338-CountingBits.h">
      <Filter>头文件</Filter>
    </ClInclude>
    <ClInclude Include="406-QueueReconstructionByHeight.h">
      <Filter>头文件</Filter>
    </ClInclude>
    <ClInclude Include="739-DailyTemperatures.h">
      <Filter>头文件</Filter>
    </ClInclude>
    <ClInclude Include="237-DeleteNodeInLinkedList.h">
      <Filter>头文件</Filter>
    </ClInclude>
    <ClInclude Include="10-RegularExpressionMatching.h">
      <Filter>头文件</Filter>
    </ClInclude>
    <ClInclude Include="32-LongestValidParentheses.h">
      <Filter>头文件</Filter>
    </ClInclude>
    <ClInclude Include="647-PalindromicSubstrings.h">
      <Filter>头文件</Filter>
    </ClInclude>
    <ClInclude Include="322-CoinChange.h">
      <Filter>头文件</Filter>
    </ClInclude>
    <ClInclude Include="494-TargetSum.h">
      <Filter>头文件</Filter>
    </ClInclude>
    <ClInclude Include="279-PerfectSquares.h">
      <Filter>头文件</Filter>
    </ClInclude>
    <ClInclude Include="300-LongestIncreasingSubsequence.h">
      <Filter>头文件</Filter>
    </ClInclude>
    <ClInclude Include="221-MaximalSquare.h">
      <Filter>头文件</Filter>
    </ClInclude>
    <ClInclude Include="84-LargestRectangleInHistogram.h">
      <Filter>头文件</Filter>
    </ClInclude>
    <ClInclude Include="85-MaximalRectangle.h">
      <Filter>头文件</Filter>
    </ClInclude>
    <ClInclude Include="72-EditDistance.h">
      <Filter>头文件</Filter>
    </ClInclude>
    <ClInclude Include="238-ProductOfArrayExceptSelf.h">
      <Filter>头文件</Filter>
    </ClInclude>
    <ClInclude Include="138-CopyListWithRandomPointer.h">
      <Filter>头文件</Filter>
    </ClInclude>
    <ClInclude Include="114-FlattenBinaryTree2LinkedList.h">
      <Filter>头文件</Filter>
    </ClInclude>
    <ClInclude Include="148-SortList.h">
      <Filter>头文件</Filter>
    </ClInclude>
    <ClInclude Include="74-Search2DMatrix.h">
      <Filter>头文件</Filter>
    </ClInclude>
    <ClInclude Include="240-Search2DMatrix-II.h">
      <Filter>头文件</Filter>
    </ClInclude>
    <ClInclude Include="287-FindDuplicateNumber.h">
      <Filter>头文件</Filter>
    </ClInclude>
    <ClInclude Include="399-EvaluateDivision.h">
      <Filter>头文件</Filter>
    </ClInclude>
    <ClInclude Include="394-DecodeString.h">
      <Filter>头文件</Filter>
    </ClInclude>
    <ClInclude Include="438-FindAnagrams.h">
      <Filter>头文件</Filter>
    </ClInclude>
    <ClInclude Include="560-SubarraySum.h">
      <Filter>头文件</Filter>
    </ClInclude>
    <ClInclude Include="31-NextPermutation.h">
      <Filter>头文件</Filter>
    </ClInclude>
    <ClInclude Include="53-MaxSubArray.h">
      <Filter>头文件</Filter>
    </ClInclude>
    <ClInclude Include="23-MergeKSortedLists.h">
      <Filter>头文件</Filter>
    </ClInclude>
    <ClInclude Include="common.h">
      <Filter>头文件</Filter>
    </ClInclude>
    <ClInclude Include="101-SymmetricTree.h">
      <Filter>头文件</Filter>
    </ClInclude>
    <ClInclude Include="121-BestTimetoBuyandSellStock.h">
      <Filter>头文件</Filter>
    </ClInclude>
    <ClInclude Include="41-FirstMissingPositive.h">
      <Filter>头文件</Filter>
    </ClInclude>
    <ClInclude Include="297-SerializeDeserializeBinaryTree.h">
      <Filter>头文件</Filter>
    </ClInclude>
    <ClInclude Include="42-TrappingRainWater.h">
      <Filter>头文件</Filter>
    </ClInclude>
    <ClInclude Include="76-MinWindowSubstring.h">
      <Filter>头文件</Filter>
    </ClInclude>
    <ClInclude Include="124-BinaryTreeMaxPathSum.h">
      <Filter>头文件</Filter>
    </ClInclude>
    <ClInclude Include="128-LongestConsecutiveSequence.h">
      <Filter>头文件</Filter>
    </ClInclude>
    <ClInclude Include="239-SlidingWindowMaximum.h">
      <Filter>头文件</Filter>
    </ClInclude>
    <ClInclude Include="301-RemoveInvalidParentheses.h">
      <Filter>头文件</Filter>
    </ClInclude>
    <ClInclude Include="99-RecoverTree.h">
      <Filter>头文件</Filter>
    </ClInclude>
    <ClInclude Include="1208-EqualSubstring.h">
      <Filter>头文件</Filter>
    </ClInclude>
    <ClInclude Include="6-ZConvert.h">
      <Filter>头文件</Filter>
    </ClInclude>
    <ClInclude Include="106-BuildTreeWithInPost.h">
      <Filter>头文件</Filter>
    </ClInclude>
    <ClInclude Include="105-BuildTreeWithPrePost.h">
      <Filter>头文件</Filter>
    </ClInclude>
    <ClInclude Include="2-AddTwoNumbers.h">
      <Filter>头文件</Filter>
    </ClInclude>
    <ClInclude Include="7-ReverseInt.h">
      <Filter>头文件</Filter>
    </ClInclude>
    <ClInclude Include="27-RemoveElement.h">
      <Filter>头文件</Filter>
    </ClInclude>
    <ClInclude Include="784-LetterCasePermutation.h">
      <Filter>头文件</Filter>
    </ClInclude>
    <ClInclude Include="9-PalindromeNum.h">
      <Filter>头文件</Filter>
    </ClInclude>
    <ClInclude Include="12-IntToRoman.h">
      <Filter>头文件</Filter>
    </ClInclude>
    <ClInclude Include="13-RomanToInt.h">
      <Filter>头文件</Filter>
    </ClInclude>
    <ClInclude Include="765-CouplesHoldHands.h">
      <Filter>头文件</Filter>
    </ClInclude>
    <ClInclude Include="209-MinSubArrayLen.h">
      <Filter>头文件</Filter>
    </ClInclude>
    <ClInclude Include="477-TotalHammingDistance.h">
      <Filter>头文件</Filter>
    </ClInclude>
    <ClInclude Include="25-ReverseKGroup.h">
      <Filter>头文件</Filter>
    </ClInclude>
    <ClInclude Include="24-SwapPairs.h">
      <Filter>头文件</Filter>
    </ClInclude>
    <ClInclude Include="61-RotateRight.h">
      <Filter>头文件</Filter>
    </ClInclude>
    <ClInclude Include="697-MinSubArrWithDegree.h">
      <Filter>头文件</Filter>
    </ClInclude>
    <ClInclude Include="1004-LongestOnes.h">
      <Filter>头文件</Filter>
    </ClInclude>
    <ClInclude Include="82-DelDupInList.h">
      <Filter>头文件</Filter>
    </ClInclude>
    <ClInclude Include="1438-LongestSubArrWithDiffLimit.h">
      <Filter>头文件</Filter>
    </ClInclude>
    <ClInclude Include="837-New21Game.h">
      <Filter>头文件</Filter>
    </ClInclude>
    <ClInclude Include="96-UniqueBSTs.h">
      <Filter>头文件</Filter>
    </ClInclude>
    <ClInclude Include="95-GetAllBSTs.h">
      <Filter>头文件</Filter>
    </ClInclude>
    <ClInclude Include="107-LevelOrderBottom.h">
      <Filter>头文件</Filter>
    </ClInclude>
    <ClInclude Include="116-ConnectTreeFromLeft2Right.h">
      <Filter>头文件</Filter>
    </ClInclude>
    <ClInclude Include="117-ConnectTreeFromLeft2Right_II.h">
      <Filter>头文件</Filter>
    </ClInclude>
    <ClInclude Include="129-SumRoot2LeafNumbers.h">
      <Filter>头文件</Filter>
    </ClInclude>
    <ClInclude Include="ALI-1.h">
      <Filter>头文件</Filter>
    </ClInclude>
    <ClInclude Include="329-LongestIncreasingPath.h">
      <Filter>头文件</Filter>
    </ClInclude>
    <ClInclude Include="199-RightSideView.h">
      <Filter>头文件</Filter>
    </ClInclude>
    <ClInclude Include="165-CompareVersion.h">
      <Filter>头文件</Filter>
    </ClInclude>
    <ClInclude Include="424-CharReplacement.h">
      <Filter>头文件</Filter>
    </ClInclude>
    <ClInclude Include="783-MinDiffInBST.h">
      <Filter>头文件</Filter>
    </ClInclude>
    <ClInclude Include="18-FourSum.h">
      <Filter>头文件</Filter>
    </ClInclude>
    <ClInclude Include="16-ThreeSumClosest.h">
      <Filter>头文件</Filter>
    </ClInclude>
    <ClInclude Include="KSumDP.h">
      <Filter>头文件</Filter>
    </ClInclude>
    <ClInclude Include="208-Trie.h">
      <Filter>头文件</Filter>
    </ClInclude>
    <ClInclude Include="UnionSet.h">
      <Filter>头文件</Filter>
    </ClInclude>
    <ClInclude Include="28-StrStr.h">
      <Filter>头文件</Filter>
    </ClInclude>
    <ClInclude Include="ByteDance-1.h">
      <Filter>头文件</Filter>
    </ClInclude>
    <ClInclude Include="103-ZigzagLevelOrder.h">
      <Filter>头文件</Filter>
    </ClInclude>
    <ClInclude Include="30-SubStrConnectWords.h">
      <Filter>头文件</Filter>
    </ClInclude>
    <ClInclude Include="131-PalindromePartition.h">
      <Filter>头文件</Filter>
    </ClInclude>
    <ClInclude Include="132-PalindromePartition-II.h">
      <Filter>头文件</Filter>
    </ClInclude>
    <ClInclude Include="746-MinCostClimbingStairs.h">
      <Filter>头文件</Filter>
    </ClInclude>
    <ClInclude Include="91-NumDecodings.h">
      <Filter>头文件</Filter>
    </ClInclude>
    <ClInclude Include="718-MaxRepeatedSubarray.h">
      <Filter>头文件</Filter>
    </ClInclude>
    <ClInclude Include="363-MaxSumSubMatrix.h">
      <Filter>头文件</Filter>
    </ClInclude>
    <ClInclude Include="29-Divide.h">
      <Filter>头文件</Filter>
    </ClInclude>
    <ClInclude Include="38-CountAndSay.h">
      <Filter>头文件</Filter>
    </ClInclude>
    <ClInclude Include="40-CombinationSum-II.h">
      <Filter>头文件</Filter>
    </ClInclude>
    <ClInclude Include="633-JudgeSquareSum.h">
      <Filter>头文件</Filter>
    </ClInclude>
    <ClInclude Include="45-JumpGame-II.h">
      <Filter>头文件</Filter>
    </ClInclude>
    <ClInclude Include="43-StrMultiply.h">
      <Filter>头文件</Filter>
    </ClInclude>
    <ClInclude Include="50-MyPow.h">
      <Filter>头文件</Filter>
    </ClInclude>
    <ClInclude Include="44-WildcardMatch.h">
      <Filter>头文件</Filter>
    </ClInclude>
    <ClInclude Include="403-CanCross.h">
      <Filter>头文件</Filter>
    </ClInclude>
    <ClInclude Include="554-LeastBricksCrossWall.h">
      <Filter>头文件</Filter>
    </ClInclude>
    <ClInclude Include="56-MergeIntervals.h">
      <Filter>头文件</Filter>
    </ClInclude>
    <ClInclude Include="57-InsertInterval.h">
      <Filter>头文件</Filter>
    </ClInclude>
    <ClInclude Include="65-ValidNumber.h">
      <Filter>头文件</Filter>
    </ClInclude>
    <ClInclude Include="60-KthPermutation.h">
      <Filter>头文件</Filter>
    </ClInclude>
    <ClInclude Include="265-PaintHouse-II.h">
      <Filter>头文件</Filter>
    </ClInclude>
    <ClInclude Include="256-PaintHouse.h">
      <Filter>头文件</Filter>
    </ClInclude>
    <ClInclude Include="1720-DecodeXoredArray.h">
      <Filter>头文件</Filter>
    </ClInclude>
    <ClInclude Include="1473-PaintHouse-III.h">
      <Filter>头文件</Filter>
    </ClInclude>
    <ClInclude Include="1486-XorOperationInArray.h">
      <Filter>头文件</Filter>
    </ClInclude>
    <ClInclude Include="68-TextJustification.h">
      <Filter>头文件</Filter>
    </ClInclude>
    <ClInclude Include="69-MySqrt.h">
      <Filter>头文件</Filter>
    </ClInclude>
    <ClInclude Include="71-SimplifyPath.h">
      <Filter>头文件</Filter>
    </ClInclude>
    <ClInclude Include="73-SetMatrixZeroes.h">
      <Filter>头文件</Filter>
    </ClInclude>
    <ClInclude Include="81-SearchInRotatedSortedArray-II.h">
      <Filter>头文件</Filter>
    </ClInclude>
    <ClInclude Include="90-Subsets-II.h">
      <Filter>头文件</Filter>
    </ClInclude>
    <ClInclude Include="77-Combinations.h">
      <Filter>头文件</Filter>
    </ClInclude>
    <ClInclude Include="89-GrayCode.h">
      <Filter>头文件</Filter>
    </ClInclude>
    <ClInclude Include="92-ReverseLinkedList-II.h">
      <Filter>头文件</Filter>
    </ClInclude>
    <ClInclude Include="1723-MinTimeToFinishAllJobs.h">
      <Filter>头文件</Filter>
    </ClInclude>
    <ClInclude Include="93-RestoreIpAddresses.h">
      <Filter>头文件</Filter>
    </ClInclude>
    <ClInclude Include="1482-MinDaysToMakeBouquets.h">
      <Filter>头文件</Filter>
    </ClInclude>
    <ClInclude Include="97-InterleavingString.h">
      <Filter>头文件</Filter>
    </ClInclude>
    <ClInclude Include="872-LeafSimilarTrees.h">
      <Filter>头文件</Filter>
    </ClInclude>
    <ClInclude Include="1269-wayNumStaySamePlaceAfterSteps.h">
      <Filter>头文件</Filter>
    </ClInclude>
    <ClInclude Include="87-ScrambleString.h">
      <Filter>头文件</Filter>
    </ClInclude>
    <ClInclude Include="1734-DecodeXoredPermutation.h">
      <Filter>头文件</Filter>
    </ClInclude>
    <ClInclude Include="119-PascalsTriangle-II.h">
      <Filter>头文件</Filter>
    </ClInclude>
    <ClInclude Include="120-MinPathSumInTriangle.h">
      <Filter>头文件</Filter>
    </ClInclude>
    <ClInclude Include="143-ReorderList.h">
      <Filter>头文件</Filter>
    </ClInclude>
    <ClInclude Include="147-InsertionSortList.h">
      <Filter>头文件</Filter>
    </ClInclude>
    <ClInclude Include="421-MaxXorOfTwoNumInArray.h">
      <Filter>头文件</Filter>
    </ClInclude>
    <ClInclude Include="1863-AllSubsetXorSum.h">
      <Filter>头文件</Filter>
    </ClInclude>
    <ClInclude Include="1864-MinSwapsMakeBinaryAlternating.h">
      <Filter>头文件</Filter>
    </ClInclude>
    <ClInclude Include="993-CousinsInBinaryTree.h">
      <Filter>头文件</Filter>
    </ClInclude>
    <ClInclude Include="133-CloneGraph.h">
      <Filter>头文件</Filter>
    </ClInclude>
    <ClInclude Include="1442-TripletNumForm2ArraysOfEqualXor.h">
      <Filter>头文件</Filter>
    </ClInclude>
    <ClInclude Include="1738-KthLargestXorCoordinateValue.h">
      <Filter>头文件</Filter>
    </ClInclude>
    <ClInclude Include="134-CompleteCircleWithGasStation.h">
      <Filter>头文件</Filter>
    </ClInclude>
    <ClInclude Include="135-Candy.h">
      <Filter>头文件</Filter>
    </ClInclude>
    <ClInclude Include="692-TopKFrequentWords.h">
      <Filter>头文件</Filter>
    </ClInclude>
    <ClInclude Include="139-WordBreak.h">
      <Filter>头文件</Filter>
    </ClInclude>
    <ClInclude Include="140-WordBreak-II.h">
      <Filter>头文件</Filter>
    </ClInclude>
    <ClInclude Include="127-WordLadder.h">
      <Filter>头文件</Filter>
    </ClInclude>
    <ClInclude Include="126-WordLadder-II.h">
      <Filter>头文件</Filter>
    </ClInclude>
    <ClInclude Include="149-MaxPointsOnALine.h">
      <Filter>头文件</Filter>
    </ClInclude>
    <ClInclude Include="151-ReverseWordsInString.h">
      <Filter>头文件</Filter>
    </ClInclude>
    <ClInclude Include="154-FindMinInRotatedSortedArray-II.h">
      <Filter>头文件</Filter>
    </ClInclude>
    <ClInclude Include="153-FindMinInRotatedSortedArray.h">
      <Filter>头文件</Filter>
    </ClInclude>
    <ClInclude Include="810-ChalkboardXorGame.h">
      <Filter>头文件</Filter>
    </ClInclude>
    <ClInclude Include="156-BinaryTreeUpsideDown.h">
      <Filter>头文件</Filter>
    </ClInclude>
    <ClInclude Include="340-LongestSubstrWithKMostDistinctChar.h">
      <Filter>头文件</Filter>
    </ClInclude>
    <ClInclude Include="1707-MaxXorWithLimitedElementFromArray.h">
      <Filter>头文件</Filter>
    </ClInclude>
    <ClInclude Include="664-StrangePrinter.h">
      <Filter>头文件</Filter>
    </ClInclude>
    <ClInclude Include="161-OneEditDistance.h">
      <Filter>头文件</Filter>
    </ClInclude>
    <ClInclude Include="1787-MakeXorOfAllSegmentsZero.h">
      <Filter>头文件</Filter>
    </ClInclude>
    <ClInclude Include="162-FindPeakElement.h">
      <Filter>头文件</Filter>
    </ClInclude>
    <ClInclude Include="1872-StoneGame-VIII.h">
      <Filter>头文件</Filter>
    </ClInclude>
    <ClInclude Include="163-MissingRanges.h">
      <Filter>头文件</Filter>
    </ClInclude>
    <ClInclude Include="1190-ReverseSubstrBetweenParentheses.h">
      <Filter>头文件</Filter>
    </ClInclude>
    <ClInclude Include="461-HammingDistance.h">
      <Filter>头文件</Filter>
    </ClInclude>
    <ClInclude Include="172-FactorialTrailingZeroes.h">
      <Filter>头文件</Filter>
    </ClInclude>
    <ClInclude Include="164-MaxGap.h">
      <Filter>头文件</Filter>
    </ClInclude>
    <ClInclude Include="179-LargestNumber.h">
      <Filter>头文件</Filter>
    </ClInclude>
    <ClInclude Include="231-PowerOfTwo.h">
      <Filter>头文件</Filter>
    </ClInclude>
    <ClInclude Include="342-PowerOfFour.h">
      <Filter>头文件</Filter>
    </ClInclude>
    <ClInclude Include="326-PowerOfThree.h">
      <Filter>头文件</Filter>
    </ClInclude>
    <ClInclude Include="187-RepeatedDNASequences.h">
      <Filter>头文件</Filter>
    </ClInclude>
    <ClInclude Include="1074-NumOfSubMatricesSumToTarget.h">
      <Filter>头文件</Filter>
    </ClInclude>
  </ItemGroup>
  <ItemGroup>
    <ClCompile Include="main.cpp">
      <Filter>源文件</Filter>
    </ClCompile>
  </ItemGroup>
</Project>